
Microsoft Visual Studio Solution File, Format Version 12.00
# Visual Studio Version 17
VisualStudioVersion = 17.14.36518.9 d17.14
MinimumVisualStudioVersion = 10.0.40219.1
Project("{FAE04EC0-301F-11D3-BF4B-00C04F79EFBC}") = "ConsoleApp1", "ConsoleApp1\ConsoleApp1.csproj", "{DA36C96D-489B-49CD-87D9-FEEC88E53D50}"
EndProject
Global
	GlobalSection(SolutionConfigurationPlatforms) = preSolution
		Debug|Any CPU = Debug|Any CPU
		Release|Any CPU = Release|Any CPU
	EndGlobalSection
	GlobalSection(ProjectConfigurationPlatforms) = postSolution
		{DA36C96D-489B-49CD-87D9-FEEC88E53D50}.Debug|Any CPU.ActiveCfg = Debug|Any CPU
		{DA36C96D-489B-49CD-87D9-FEEC88E53D50}.Debug|Any CPU.Build.0 = Debug|Any CPU
		{DA36C96D-489B-49CD-87D9-FEEC88E53D50}.Release|Any CPU.ActiveCfg = Release|Any CPU
		{DA36C96D-489B-49CD-87D9-FEEC88E53D50}.Release|Any CPU.Build.0 = Release|Any CPU
	EndGlobalSection
	GlobalSection(SolutionProperties) = preSolution
		HideSolutionNode = FALSE
	EndGlobalSection
	GlobalSection(ExtensibilityGlobals) = postSolution
		SolutionGuid = {8542EDF7-0AA4-4FF4-958A-4A696126963D}
	EndGlobalSection
EndGlobal
